# THIS IS AN AUTOGENERATED FILE. DO NOT EDIT THIS FILE DIRECTLY.
# yarn lockfile v1


"@vercel/analytics@^1.0.2":
  version "1.0.2"
  resolved "https://registry.yarnpkg.com/@vercel/analytics/-/analytics-1.0.2.tgz#7af719a1bf33734840aee6f04eb548d2cedab9ec"
  integrity sha512-BZFxVrv24VbNNl5xMxqUojQIegEeXMI6rX3rg1uVLYUEXsuKNBSAEQf4BWEcjQDp/8aYJOj6m8V4PUA3x/cxgg==
